
Microsoft Visual Studio Solution File, Format Version 12.00
# Visual Studio Version 17
VisualStudioVersion = 17.5.33530.505
MinimumVisualStudioVersion = 10.0.40219.1
Project("{9A19103F-16F7-4668-BE54-9A1E7A4F7556}") = "CCT.Composites.App", "CCT.Composites.App\CCT.Composites.App.csproj", "{AF19BC58-4880-4924-B7A0-697850C7F52F}"
EndProject
Project("{FAE04EC0-301F-11D3-BF4B-00C04F79EFBC}") = "CCT.Composites.UnitTest", "CCT.Composites.UnitTest\CCT.Composites.UnitTest.csproj", "{530D655A-742E-48C6-9CA3-E0002F96D0E4}"
EndProject
Global
	GlobalSection(SolutionConfigurationPlatforms) = preSolution
		Debug|Any CPU = Debug|Any CPU
		Release|Any CPU = Release|Any CPU
	EndGlobalSection
	GlobalSection(ProjectConfigurationPlatforms) = postSolution
		{AF19BC58-4880-4924-B7A0-697850C7F52F}.Debug|Any CPU.ActiveCfg = Debug|Any CPU
		{AF19BC58-4880-4924-B7A0-697850C7F52F}.Debug|Any CPU.Build.0 = Debug|Any CPU
		{AF19BC58-4880-4924-B7A0-697850C7F52F}.Release|Any CPU.ActiveCfg = Release|Any CPU
		{AF19BC58-4880-4924-B7A0-697850C7F52F}.Release|Any CPU.Build.0 = Release|Any CPU
		{530D655A-742E-48C6-9CA3-E0002F96D0E4}.Debug|Any CPU.ActiveCfg = Debug|Any CPU
		{530D655A-742E-48C6-9CA3-E0002F96D0E4}.Debug|Any CPU.Build.0 = Debug|Any CPU
		{530D655A-742E-48C6-9CA3-E0002F96D0E4}.Release|Any CPU.ActiveCfg = Release|Any CPU
		{530D655A-742E-48C6-9CA3-E0002F96D0E4}.Release|Any CPU.Build.0 = Release|Any CPU
	EndGlobalSection
	GlobalSection(SolutionProperties) = preSolution
		HideSolutionNode = FALSE
	EndGlobalSection
	GlobalSection(ExtensibilityGlobals) = postSolution
		SolutionGuid = {A05A9410-78A2-4D18-BF22-0FCAE3EE848F}
	EndGlobalSection
EndGlobal
